
Microsoft Visual Studio Solution File, Format Version 12.00
# Visual Studio Version 17
VisualStudioVersion = 17.9.34607.119
MinimumVisualStudioVersion = 10.0.40219.1
Project("{FAE04EC0-301F-11D3-BF4B-00C04F79EFBC}") = "Execises", "Execises.csproj", "{B30D539C-0EB1-4FB2-8C81-7437766E0FCE}"
EndProject
Global
	GlobalSection(SolutionConfigurationPlatforms) = preSolution
		Debug|Any CPU = Debug|Any CPU
		Release|Any CPU = Release|Any CPU
	EndGlobalSection
	GlobalSection(ProjectConfigurationPlatforms) = postSolution
		{B30D539C-0EB1-4FB2-8C81-7437766E0FCE}.Debug|Any CPU.ActiveCfg = Debug|Any CPU
		{B30D539C-0EB1-4FB2-8C81-7437766E0FCE}.Debug|Any CPU.Build.0 = Debug|Any CPU
		{B30D539C-0EB1-4FB2-8C81-7437766E0FCE}.Release|Any CPU.ActiveCfg = Release|Any CPU
		{B30D539C-0EB1-4FB2-8C81-7437766E0FCE}.Release|Any CPU.Build.0 = Release|Any CPU
	EndGlobalSection
	GlobalSection(SolutionProperties) = preSolution
		HideSolutionNode = FALSE
	EndGlobalSection
	GlobalSection(ExtensibilityGlobals) = postSolution
		SolutionGuid = {6D37C188-701B-41D5-9A21-3C0CF944D14D}
	EndGlobalSection
EndGlobal
